
Microsoft Visual Studio Solution File, Format Version 12.00
# Visual Studio Version 17
VisualStudioVersion = 17.5.002.0
MinimumVisualStudioVersion = 10.0.40219.1
Project("{9A19103F-16F7-4668-BE54-9A1E7A4F7556}") = "LaMaCo.Comments.Api", "LaMaCo.Comments.Api.csproj", "{39D8D5EF-34B3-471C-BE86-7B6E1DC3693A}"
EndProject
Global
	GlobalSection(SolutionConfigurationPlatforms) = preSolution
		Debug|Any CPU = Debug|Any CPU
		Release|Any CPU = Release|Any CPU
	EndGlobalSection
	GlobalSection(ProjectConfigurationPlatforms) = postSolution
		{39D8D5EF-34B3-471C-BE86-7B6E1DC3693A}.Debug|Any CPU.ActiveCfg = Debug|Any CPU
		{39D8D5EF-34B3-471C-BE86-7B6E1DC3693A}.Debug|Any CPU.Build.0 = Debug|Any CPU
		{39D8D5EF-34B3-471C-BE86-7B6E1DC3693A}.Release|Any CPU.ActiveCfg = Release|Any CPU
		{39D8D5EF-34B3-471C-BE86-7B6E1DC3693A}.Release|Any CPU.Build.0 = Release|Any CPU
	EndGlobalSection
	GlobalSection(SolutionProperties) = preSolution
		HideSolutionNode = FALSE
	EndGlobalSection
	GlobalSection(ExtensibilityGlobals) = postSolution
		SolutionGuid = {DE518DB0-EC74-467E-9145-38356A3D9979}
	EndGlobalSection
EndGlobal
